// !$*UTF8*$!
{
	archiveVersion = 1;
	classes = {
	};
	objectVersion = 46;
	objects = {

/* Begin PBXBuildFile section */
		871057CF1F3C52A4004BD2EC /* ShoppingCart.swift in Sources */ = {isa = PBXBuildFile; fileRef = 871057CE1F3C52A4004BD2EC /* ShoppingCart.swift */; };
		871057D11F3C5A17004BD2EC /* ShoppingCartTableViewController.swift in Sources */ = {isa = PBXBuildFile; fileRef = 871057D01F3C5A17004BD2EC /* ShoppingCartTableViewController.swift */; };
		871057D41F3C6BE1004BD2EC /* GoodDetailsViewModel.swift in Sources */ = {isa = PBXBuildFile; fileRef = 871057D31F3C6BE1004BD2EC /* GoodDetailsViewModel.swift */; };
		871057D61F3C6BF9004BD2EC /* GoodCellViewModel.swift in Sources */ = {isa = PBXBuildFile; fileRef = 871057D51F3C6BF9004BD2EC /* GoodCellViewModel.swift */; };
		871057DB1F3C6E23004BD2EC /* ShoppingCartItem.swift in Sources */ = {isa = PBXBuildFile; fileRef = 871057DA1F3C6E23004BD2EC /* ShoppingCartItem.swift */; };
		871057DD1F3C6E40004BD2EC /* ShoppingCartItemCellViewModel.swift in Sources */ = {isa = PBXBuildFile; fileRef = 871057DC1F3C6E40004BD2EC /* ShoppingCartItemCellViewModel.swift */; };
		871057E21F3C70A0004BD2EC /* CurrencySelectorTableViewController.swift in Sources */ = {isa = PBXBuildFile; fileRef = 871057E11F3C70A0004BD2EC /* CurrencySelectorTableViewController.swift */; };
		871057E41F3C747E004BD2EC /* CurrencyDownloader.swift in Sources */ = {isa = PBXBuildFile; fileRef = 871057E31F3C747E004BD2EC /* CurrencyDownloader.swift */; };
		871057E61F3CC69F004BD2EC /* Currency.swift in Sources */ = {isa = PBXBuildFile; fileRef = 871057E51F3CC69F004BD2EC /* Currency.swift */; };
		871057E81F3CC6C0004BD2EC /* Currencies.swift in Sources */ = {isa = PBXBuildFile; fileRef = 871057E71F3CC6C0004BD2EC /* Currencies.swift */; };
		871057EE1F3CD4F9004BD2EC /* CurrencyFormatter.swift in Sources */ = {isa = PBXBuildFile; fileRef = 871057ED1F3CD4F8004BD2EC /* CurrencyFormatter.swift */; };
		871057F01F3CD9DF004BD2EC /* CurrencyTests.swift in Sources */ = {isa = PBXBuildFile; fileRef = 871057EF1F3CD9DF004BD2EC /* CurrencyTests.swift */; };
		871057F21F3CDDFD004BD2EC /* CurrencyFormatterTests.swift in Sources */ = {isa = PBXBuildFile; fileRef = 871057F11F3CDDFD004BD2EC /* CurrencyFormatterTests.swift */; };
		8793CC721F3C3B83006071ED /* AppDelegate.swift in Sources */ = {isa = PBXBuildFile; fileRef = 8793CC711F3C3B83006071ED /* AppDelegate.swift */; };
		8793CC741F3C3B83006071ED /* GoodsTableViewController.swift in Sources */ = {isa = PBXBuildFile; fileRef = 8793CC731F3C3B83006071ED /* GoodsTableViewController.swift */; };
		8793CC761F3C3B83006071ED /* GoodDetailViewController.swift in Sources */ = {isa = PBXBuildFile; fileRef = 8793CC751F3C3B83006071ED /* GoodDetailViewController.swift */; };
		8793CC791F3C3B83006071ED /* Main.storyboard in Resources */ = {isa = PBXBuildFile; fileRef = 8793CC771F3C3B83006071ED /* Main.storyboard */; };
		8793CC7B1F3C3B83006071ED /* Assets.xcassets in Resources */ = {isa = PBXBuildFile; fileRef = 8793CC7A1F3C3B83006071ED /* Assets.xcassets */; };
		8793CC7E1F3C3B83006071ED /* LaunchScreen.storyboard in Resources */ = {isa = PBXBuildFile; fileRef = 8793CC7C1F3C3B83006071ED /* LaunchScreen.storyboard */; };
		8793CC891F3C3B83006071ED /* ShoppingCartTests.swift in Sources */ = {isa = PBXBuildFile; fileRef = 8793CC881F3C3B83006071ED /* ShoppingCartTests.swift */; };
		8793CC941F3C3D79006071ED /* Good.swift in Sources */ = {isa = PBXBuildFile; fileRef = 8793CC931F3C3D79006071ED /* Good.swift */; };
/* End PBXBuildFile section */

/* Begin PBXContainerItemProxy section */
		8793CC851F3C3B83006071ED /* PBXContainerItemProxy */ = {
			isa = PBXContainerItemProxy;
			containerPortal = 8793CC661F3C3B83006071ED /* Project object */;
			proxyType = 1;
			remoteGlobalIDString = 8793CC6D1F3C3B83006071ED;
			remoteInfo = ShoppingCart;
		};
/* End PBXContainerItemProxy section */

/* Begin PBXFileReference section */
		871057CE1F3C52A4004BD2EC /* ShoppingCart.swift */ = {isa = PBXFileReference; fileEncoding = 4; lastKnownFileType = sourcecode.swift; path = ShoppingCart.swift; sourceTree = "<group>"; };
		871057D01F3C5A17004BD2EC /* ShoppingCartTableViewController.swift */ = {isa = PBXFileReference; fileEncoding = 4; lastKnownFileType = sourcecode.swift; path = ShoppingCartTableViewController.swift; sourceTree = "<group>"; };
		871057D31F3C6BE1004BD2EC /* GoodDetailsViewModel.swift */ = {isa = PBXFileReference; fileEncoding = 4; lastKnownFileType = sourcecode.swift; path = GoodDetailsViewModel.swift; sourceTree = "<group>"; };
		871057D51F3C6BF9004BD2EC /* GoodCellViewModel.swift */ = {isa = PBXFileReference; fileEncoding = 4; lastKnownFileType = sourcecode.swift; path = GoodCellViewModel.swift; sourceTree = "<group>"; };
		871057DA1F3C6E23004BD2EC /* ShoppingCartItem.swift */ = {isa = PBXFileReference; fileEncoding = 4; lastKnownFileType = sourcecode.swift; path = ShoppingCartItem.swift; sourceTree = "<group>"; };
		871057DC1F3C6E40004BD2EC /* ShoppingCartItemCellViewModel.swift */ = {isa = PBXFileReference; fileEncoding = 4; lastKnownFileType = sourcecode.swift; path = ShoppingCartItemCellViewModel.swift; sourceTree = "<group>"; };
		871057E11F3C70A0004BD2EC /* CurrencySelectorTableViewController.swift */ = {isa = PBXFileReference; fileEncoding = 4; lastKnownFileType = sourcecode.swift; path = CurrencySelectorTableViewController.swift; sourceTree = "<group>"; };
		871057E31F3C747E004BD2EC /* CurrencyDownloader.swift */ = {isa = PBXFileReference; fileEncoding = 4; lastKnownFileType = sourcecode.swift; path = CurrencyDownloader.swift; sourceTree = "<group>"; };
		871057E51F3CC69F004BD2EC /* Currency.swift */ = {isa = PBXFileReference; fileEncoding = 4; lastKnownFileType = sourcecode.swift; path = Currency.swift; sourceTree = "<group>"; };
		871057E71F3CC6C0004BD2EC /* Currencies.swift */ = {isa = PBXFileReference; fileEncoding = 4; lastKnownFileType = sourcecode.swift; path = Currencies.swift; sourceTree = "<group>"; };
		871057ED1F3CD4F8004BD2EC /* CurrencyFormatter.swift */ = {isa = PBXFileReference; fileEncoding = 4; lastKnownFileType = sourcecode.swift; path = CurrencyFormatter.swift; sourceTree = "<group>"; };
		871057EF1F3CD9DF004BD2EC /* CurrencyTests.swift */ = {isa = PBXFileReference; fileEncoding = 4; lastKnownFileType = sourcecode.swift; path = CurrencyTests.swift; sourceTree = "<group>"; };
		871057F11F3CDDFD004BD2EC /* CurrencyFormatterTests.swift */ = {isa = PBXFileReference; fileEncoding = 4; lastKnownFileType = sourcecode.swift; path = CurrencyFormatterTests.swift; sourceTree = "<group>"; };
		8793CC6E1F3C3B83006071ED /* ShoppingCart.app */ = {isa = PBXFileReference; explicitFileType = wrapper.application; includeInIndex = 0; path = ShoppingCart.app; sourceTree = BUILT_PRODUCTS_DIR; };
		8793CC711F3C3B83006071ED /* AppDelegate.swift */ = {isa = PBXFileReference; lastKnownFileType = sourcecode.swift; path = AppDelegate.swift; sourceTree = "<group>"; };
		8793CC731F3C3B83006071ED /* GoodsTableViewController.swift */ = {isa = PBXFileReference; lastKnownFileType = sourcecode.swift; path = GoodsTableViewController.swift; sourceTree = "<group>"; };
		8793CC751F3C3B83006071ED /* GoodDetailViewController.swift */ = {isa = PBXFileReference; lastKnownFileType = sourcecode.swift; path = GoodDetailViewController.swift; sourceTree = "<group>"; };
		8793CC781F3C3B83006071ED /* Base */ = {isa = PBXFileReference; lastKnownFileType = file.storyboard; name = Base; path = Base.lproj/Main.storyboard; sourceTree = "<group>"; };
		8793CC7A1F3C3B83006071ED /* Assets.xcassets */ = {isa = PBXFileReference; lastKnownFileType = folder.assetcatalog; path = Assets.xcassets; sourceTree = "<group>"; };
		8793CC7D1F3C3B83006071ED /* Base */ = {isa = PBXFileReference; lastKnownFileType = file.storyboard; name = Base; path = Base.lproj/LaunchScreen.storyboard; sourceTree = "<group>"; };
		8793CC7F1F3C3B83006071ED /* Info.plist */ = {isa = PBXFileReference; lastKnownFileType = text.plist.xml; path = Info.plist; sourceTree = "<group>"; };
		8793CC841F3C3B83006071ED /* ShoppingCartTests.xctest */ = {isa = PBXFileReference; explicitFileType = wrapper.cfbundle; includeInIndex = 0; path = ShoppingCartTests.xctest; sourceTree = BUILT_PRODUCTS_DIR; };
		8793CC881F3C3B83006071ED /* ShoppingCartTests.swift */ = {isa = PBXFileReference; lastKnownFileType = sourcecode.swift; path = ShoppingCartTests.swift; sourceTree = "<group>"; };
		8793CC8A1F3C3B83006071ED /* Info.plist */ = {isa = PBXFileReference; lastKnownFileType = text.plist.xml; path = Info.plist; sourceTree = "<group>"; };
		8793CC931F3C3D79006071ED /* Good.swift */ = {isa = PBXFileReference; fileEncoding = 4; lastKnownFileType = sourcecode.swift; path = Good.swift; sourceTree = "<group>"; };
/* End PBXFileReference section */

/* Begin PBXFrameworksBuildPhase section */
		8793CC6B1F3C3B83006071ED /* Frameworks */ = {
			isa = PBXFrameworksBuildPhase;
			buildActionMask = 2147483647;
			files = (
			);
			runOnlyForDeploymentPostprocessing = 0;
		};
		8793CC811F3C3B83006071ED /* Frameworks */ = {
			isa = PBXFrameworksBuildPhase;
			buildActionMask = 2147483647;
			files = (
			);
			runOnlyForDeploymentPostprocessing = 0;
		};
/* End PBXFrameworksBuildPhase section */

/* Begin PBXGroup section */
		871057CD1F3C4C80004BD2EC /* GoodsSelection */ = {
			isa = PBXGroup;
			children = (
				871057D91F3C6C17004BD2EC /* Controller */,
				871057D71F3C6C0A004BD2EC /* Model */,
				871057D81F3C6C11004BD2EC /* ViewModel */,
			);
			name = GoodsSelection;
			sourceTree = "<group>";
		};
		871057D21F3C6BC3004BD2EC /* ShoppingCart */ = {
			isa = PBXGroup;
			children = (
				871057DE1F3C6E5C004BD2EC /* Model */,
				871057DF1F3C6E64004BD2EC /* ViewModel */,
				871057E01F3C6E69004BD2EC /* Controller */,
			);
			name = ShoppingCart;
			sourceTree = "<group>";
		};
		871057D71F3C6C0A004BD2EC /* Model */ = {
			isa = PBXGroup;
			children = (
				8793CC931F3C3D79006071ED /* Good.swift */,
			);
			name = Model;
			sourceTree = "<group>";
		};
		871057D81F3C6C11004BD2EC /* ViewModel */ = {
			isa = PBXGroup;
			children = (
				871057D31F3C6BE1004BD2EC /* GoodDetailsViewModel.swift */,
				871057D51F3C6BF9004BD2EC /* GoodCellViewModel.swift */,
			);
			name = ViewModel;
			sourceTree = "<group>";
		};
		871057D91F3C6C17004BD2EC /* Controller */ = {
			isa = PBXGroup;
			children = (
				8793CC731F3C3B83006071ED /* GoodsTableViewController.swift */,
				8793CC751F3C3B83006071ED /* GoodDetailViewController.swift */,
			);
			name = Controller;
			sourceTree = "<group>";
		};
		871057DE1F3C6E5C004BD2EC /* Model */ = {
			isa = PBXGroup;
			children = (
				871057CE1F3C52A4004BD2EC /* ShoppingCart.swift */,
				871057DA1F3C6E23004BD2EC /* ShoppingCartItem.swift */,
			);
			name = Model;
			sourceTree = "<group>";
		};
		871057DF1F3C6E64004BD2EC /* ViewModel */ = {
			isa = PBXGroup;
			children = (
				871057DC1F3C6E40004BD2EC /* ShoppingCartItemCellViewModel.swift */,
			);
			name = ViewModel;
			sourceTree = "<group>";
		};
		871057E01F3C6E69004BD2EC /* Controller */ = {
			isa = PBXGroup;
			children = (
				871057D01F3C5A17004BD2EC /* ShoppingCartTableViewController.swift */,
			);
			name = Controller;
			sourceTree = "<group>";
		};
		871057E91F3CC71F004BD2EC /* Model */ = {
			isa = PBXGroup;
			children = (
				871057E71F3CC6C0004BD2EC /* Currencies.swift */,
				871057E51F3CC69F004BD2EC /* Currency.swift */,
			);
			name = Model;
			sourceTree = "<group>";
		};
		871057EA1F3CC72A004BD2EC /* CurrencySelection */ = {
			isa = PBXGroup;
			children = (
				871057ED1F3CD4F8004BD2EC /* CurrencyFormatter.swift */,
				871057EB1F3CC738004BD2EC /* ViewController */,
				871057EC1F3CC748004BD2EC /* Networking */,
				871057E91F3CC71F004BD2EC /* Model */,
			);
			name = CurrencySelection;
			sourceTree = "<group>";
		};
		871057EB1F3CC738004BD2EC /* ViewController */ = {
			isa = PBXGroup;
			children = (
				871057E11F3C70A0004BD2EC /* CurrencySelectorTableViewController.swift */,
			);
			name = ViewController;
			sourceTree = "<group>";
		};
		871057EC1F3CC748004BD2EC /* Networking */ = {
			isa = PBXGroup;
			children = (
				871057E31F3C747E004BD2EC /* CurrencyDownloader.swift */,
			);
			name = Networking;
			sourceTree = "<group>";
		};
		8793CC651F3C3B83006071ED = {
			isa = PBXGroup;
			children = (
				8793CC701F3C3B83006071ED /* ShoppingCart */,
				8793CC871F3C3B83006071ED /* ShoppingCartTests */,
				8793CC6F1F3C3B83006071ED /* Products */,
			);
			sourceTree = "<group>";
		};
		8793CC6F1F3C3B83006071ED /* Products */ = {
			isa = PBXGroup;
			children = (
				8793CC6E1F3C3B83006071ED /* ShoppingCart.app */,
				8793CC841F3C3B83006071ED /* ShoppingCartTests.xctest */,
			);
			name = Products;
			sourceTree = "<group>";
		};
		8793CC701F3C3B83006071ED /* ShoppingCart */ = {
			isa = PBXGroup;
			children = (
				8793CC711F3C3B83006071ED /* AppDelegate.swift */,
				871057EA1F3CC72A004BD2EC /* CurrencySelection */,
				871057D21F3C6BC3004BD2EC /* ShoppingCart */,
				871057CD1F3C4C80004BD2EC /* GoodsSelection */,
				8793CC771F3C3B83006071ED /* Main.storyboard */,
				8793CC7A1F3C3B83006071ED /* Assets.xcassets */,
				8793CC7C1F3C3B83006071ED /* LaunchScreen.storyboard */,
				8793CC7F1F3C3B83006071ED /* Info.plist */,
			);
			path = ShoppingCart;
			sourceTree = "<group>";
		};
		8793CC871F3C3B83006071ED /* ShoppingCartTests */ = {
			isa = PBXGroup;
			children = (
				8793CC881F3C3B83006071ED /* ShoppingCartTests.swift */,
				871057EF1F3CD9DF004BD2EC /* CurrencyTests.swift */,
				871057F11F3CDDFD004BD2EC /* CurrencyFormatterTests.swift */,
				8793CC8A1F3C3B83006071ED /* Info.plist */,
			);
			path = ShoppingCartTests;
			sourceTree = "<group>";
		};
/* End PBXGroup section */

/* Begin PBXNativeTarget section */
		8793CC6D1F3C3B83006071ED /* ShoppingCart */ = {
			isa = PBXNativeTarget;
			buildConfigurationList = 8793CC8D1F3C3B83006071ED /* Build configuration list for PBXNativeTarget "ShoppingCart" */;
			buildPhases = (
				8793CC6A1F3C3B83006071ED /* Sources */,
				8793CC6B1F3C3B83006071ED /* Frameworks */,
				8793CC6C1F3C3B83006071ED /* Resources */,
			);
			buildRules = (
			);
			dependencies = (
			);
			name = ShoppingCart;
			productName = ShoppingCart;
			productReference = 8793CC6E1F3C3B83006071ED /* ShoppingCart.app */;
			productType = "com.apple.product-type.application";
		};
		8793CC831F3C3B83006071ED /* ShoppingCartTests */ = {
			isa = PBXNativeTarget;
			buildConfigurationList = 8793CC901F3C3B83006071ED /* Build configuration list for PBXNativeTarget "ShoppingCartTests" */;
			buildPhases = (
				8793CC801F3C3B83006071ED /* Sources */,
				8793CC811F3C3B83006071ED /* Frameworks */,
				8793CC821F3C3B83006071ED /* Resources */,
			);
			buildRules = (
			);
			dependencies = (
				8793CC861F3C3B83006071ED /* PBXTargetDependency */,
			);
			name = ShoppingCartTests;
			productName = ShoppingCartTests;
			productReference = 8793CC841F3C3B83006071ED /* ShoppingCartTests.xctest */;
			productType = "com.apple.product-type.bundle.unit-test";
		};
/* End PBXNativeTarget section */

/* Begin PBXProject section */
		8793CC661F3C3B83006071ED /* Project object */ = {
			isa = PBXProject;
			attributes = {
				LastSwiftUpdateCheck = 0830;
				LastUpgradeCheck = 0830;
				ORGANIZATIONNAME = "Balogh István";
				TargetAttributes = {
					8793CC6D1F3C3B83006071ED = {
						CreatedOnToolsVersion = 8.3.3;
						ProvisioningStyle = Automatic;
					};
					8793CC831F3C3B83006071ED = {
						CreatedOnToolsVersion = 8.3.3;
						ProvisioningStyle = Automatic;
						TestTargetID = 8793CC6D1F3C3B83006071ED;
					};
				};
			};
			buildConfigurationList = 8793CC691F3C3B83006071ED /* Build configuration list for PBXProject "ShoppingCart" */;
			compatibilityVersion = "Xcode 3.2";
			developmentRegion = English;
			hasScannedForEncodings = 0;
			knownRegions = (
				en,
				Base,
			);
			mainGroup = 8793CC651F3C3B83006071ED;
			productRefGroup = 8793CC6F1F3C3B83006071ED /* Products */;
			projectDirPath = "";
			projectRoot = "";
			targets = (
				8793CC6D1F3C3B83006071ED /* ShoppingCart */,
				8793CC831F3C3B83006071ED /* ShoppingCartTests */,
			);
		};
/* End PBXProject section */

/* Begin PBXResourcesBuildPhase section */
		8793CC6C1F3C3B83006071ED /* Resources */ = {
			isa = PBXResourcesBuildPhase;
			buildActionMask = 2147483647;
			files = (
				8793CC7E1F3C3B83006071ED /* LaunchScreen.storyboard in Resources */,
				8793CC7B1F3C3B83006071ED /* Assets.xcassets in Resources */,
				8793CC791F3C3B83006071ED /* Main.storyboard in Resources */,
			);
			runOnlyForDeploymentPostprocessing = 0;
		};
		8793CC821F3C3B83006071ED /* Resources */ = {
			isa = PBXResourcesBuildPhase;
			buildActionMask = 2147483647;
			files = (
			);
			runOnlyForDeploymentPostprocessing = 0;
		};
/* End PBXResourcesBuildPhase section */

/* Begin PBXSourcesBuildPhase section */
		8793CC6A1F3C3B83006071ED /* Sources */ = {
			isa = PBXSourcesBuildPhase;
			buildActionMask = 2147483647;
			files = (
				871057CF1F3C52A4004BD2EC /* ShoppingCart.swift in Sources */,
				871057E41F3C747E004BD2EC /* CurrencyDownloader.swift in Sources */,
				871057DB1F3C6E23004BD2EC /* ShoppingCartItem.swift in Sources */,
				871057E21F3C70A0004BD2EC /* CurrencySelectorTableViewController.swift in Sources */,
				871057EE1F3CD4F9004BD2EC /* CurrencyFormatter.swift in Sources */,
				871057D41F3C6BE1004BD2EC /* GoodDetailsViewModel.swift in Sources */,
				8793CC761F3C3B83006071ED /* GoodDetailViewController.swift in Sources */,
				8793CC741F3C3B83006071ED /* GoodsTableViewController.swift in Sources */,
				8793CC941F3C3D79006071ED /* Good.swift in Sources */,
				871057E81F3CC6C0004BD2EC /* Currencies.swift in Sources */,
				871057E61F3CC69F004BD2EC /* Currency.swift in Sources */,
				8793CC721F3C3B83006071ED /* AppDelegate.swift in Sources */,
				871057D11F3C5A17004BD2EC /* ShoppingCartTableViewController.swift in Sources */,
				871057D61F3C6BF9004BD2EC /* GoodCellViewModel.swift in Sources */,
				871057DD1F3C6E40004BD2EC /* ShoppingCartItemCellViewModel.swift in Sources */,
			);
			runOnlyForDeploymentPostprocessing = 0;
		};
		8793CC801F3C3B83006071ED /* Sources */ = {
			isa = PBXSourcesBuildPhase;
			buildActionMask = 2147483647;
			files = (
				871057F01F3CD9DF004BD2EC /* CurrencyTests.swift in Sources */,
				8793CC891F3C3B83006071ED /* ShoppingCartTests.swift in Sources */,
				871057F21F3CDDFD004BD2EC /* CurrencyFormatterTests.swift in Sources */,
			);
			runOnlyForDeploymentPostprocessing = 0;
		};
/* End PBXSourcesBuildPhase section */

/* Begin PBXTargetDependency section */
		8793CC861F3C3B83006071ED /* PBXTargetDependency */ = {
			isa = PBXTargetDependency;
			target = 8793CC6D1F3C3B83006071ED /* ShoppingCart */;
			targetProxy = 8793CC851F3C3B83006071ED /* PBXContainerItemProxy */;
		};
/* End PBXTargetDependency section */

/* Begin PBXVariantGroup section */
		8793CC771F3C3B83006071ED /* Main.storyboard */ = {
			isa = PBXVariantGroup;
			children = (
				8793CC781F3C3B83006071ED /* Base */,
			);
			name = Main.storyboard;
			sourceTree = "<group>";
		};
		8793CC7C1F3C3B83006071ED /* LaunchScreen.storyboard */ = {
			isa = PBXVariantGroup;
			children = (
				8793CC7D1F3C3B83006071ED /* Base */,
			);
			name = LaunchScreen.storyboard;
			sourceTree = "<group>";
		};
/* End PBXVariantGroup section */

/* Begin XCBuildConfiguration section */
		8793CC8B1F3C3B83006071ED /* Debug */ = {
			isa = XCBuildConfiguration;
			buildSettings = {
				ALWAYS_SEARCH_USER_PATHS = NO;
				CLANG_ANALYZER_NONNULL = YES;
				CLANG_ANALYZER_NUMBER_OBJECT_CONVERSION = YES_AGGRESSIVE;
				CLANG_CXX_LANGUAGE_STANDARD = "gnu++0x";
				CLANG_CXX_LIBRARY = "libc++";
				CLANG_ENABLE_MODULES = YES;
				CLANG_ENABLE_OBJC_ARC = YES;
				CLANG_WARN_BOOL_CONVERSION = YES;
				CLANG_WARN_CONSTANT_CONVERSION = YES;
				CLANG_WARN_DIRECT_OBJC_ISA_USAGE = YES_ERROR;
				CLANG_WARN_DOCUMENTATION_COMMENTS = YES;
				CLANG_WARN_EMPTY_BODY = YES;
				CLANG_WARN_ENUM_CONVERSION = YES;
				CLANG_WARN_INFINITE_RECURSION = YES;
				CLANG_WARN_INT_CONVERSION = YES;
				CLANG_WARN_OBJC_ROOT_CLASS = YES_ERROR;
				CLANG_WARN_SUSPICIOUS_MOVE = YES;
				CLANG_WARN_UNREACHABLE_CODE = YES;
				CLANG_WARN__DUPLICATE_METHOD_MATCH = YES;
				"CODE_SIGN_IDENTITY[sdk=iphoneos*]" = "iPhone Developer";
				COPY_PHASE_STRIP = NO;
				DEBUG_INFORMATION_FORMAT = dwarf;
				ENABLE_STRICT_OBJC_MSGSEND = YES;
				ENABLE_TESTABILITY = YES;
				GCC_C_LANGUAGE_STANDARD = gnu99;
				GCC_DYNAMIC_NO_PIC = NO;
				GCC_NO_COMMON_BLOCKS = YES;
				GCC_OPTIMIZATION_LEVEL = 0;
				GCC_PREPROCESSOR_DEFINITIONS = (
					"DEBUG=1",
					"$(inherited)",
				);
				GCC_WARN_64_TO_32_BIT_CONVERSION = YES;
				GCC_WARN_ABOUT_RETURN_TYPE = YES_ERROR;
				GCC_WARN_UNDECLARED_SELECTOR = YES;
				GCC_WARN_UNINITIALIZED_AUTOS = YES_AGGRESSIVE;
				GCC_WARN_UNUSED_FUNCTION = YES;
				GCC_WARN_UNUSED_VARIABLE = YES;
				IPHONEOS_DEPLOYMENT_TARGET = 10.3;
				MTL_ENABLE_DEBUG_INFO = YES;
				ONLY_ACTIVE_ARCH = YES;
				SDKROOT = iphoneos;
				SWIFT_ACTIVE_COMPILATION_CONDITIONS = DEBUG;
				SWIFT_OPTIMIZATION_LEVEL = "-Onone";
			};
			name = Debug;
		};
		8793CC8C1F3C3B83006071ED /* Release */ = {
			isa = XCBuildConfiguration;
			buildSettings = {
				ALWAYS_SEARCH_USER_PATHS = NO;
				CLANG_ANALYZER_NONNULL = YES;
				CLANG_ANALYZER_NUMBER_OBJECT_CONVERSION = YES_AGGRESSIVE;
				CLANG_CXX_LANGUAGE_STANDARD = "gnu++0x";
				CLANG_CXX_LIBRARY = "libc++";
				CLANG_ENABLE_MODULES = YES;
				CLANG_ENABLE_OBJC_ARC = YES;
				CLANG_WARN_BOOL_CONVERSION = YES;
				CLANG_WARN_CONSTANT_CONVERSION = YES;
				CLANG_WARN_DIRECT_OBJC_ISA_USAGE = YES_ERROR;
				CLANG_WARN_DOCUMENTATION_COMMENTS = YES;
				CLANG_WARN_EMPTY_BODY = YES;
				CLANG_WARN_ENUM_CONVERSION = YES;
				CLANG_WARN_INFINITE_RECURSION = YES;
				CLANG_WARN_INT_CONVERSION = YES;
				CLANG_WARN_OBJC_ROOT_CLASS = YES_ERROR;
				CLANG_WARN_SUSPICIOUS_MOVE = YES;
				CLANG_WARN_UNREACHABLE_CODE = YES;
				CLANG_WARN__DUPLICATE_METHOD_MATCH = YES;
				"CODE_SIGN_IDENTITY[sdk=iphoneos*]" = "iPhone Developer";
				COPY_PHASE_STRIP = NO;
				DEBUG_INFORMATION_FORMAT = "dwarf-with-dsym";
				ENABLE_NS_ASSERTIONS = NO;
				ENABLE_STRICT_OBJC_MSGSEND = YES;
				GCC_C_LANGUAGE_STANDARD = gnu99;
				GCC_NO_COMMON_BLOCKS = YES;
				GCC_WARN_64_TO_32_BIT_CONVERSION = YES;
				GCC_WARN_ABOUT_RETURN_TYPE = YES_ERROR;
				GCC_WARN_UNDECLARED_SELECTOR = YES;
				GCC_WARN_UNINITIALIZED_AUTOS = YES_AGGRESSIVE;
				GCC_WARN_UNUSED_FUNCTION = YES;
				GCC_WARN_UNUSED_VARIABLE = YES;
				IPHONEOS_DEPLOYMENT_TARGET = 10.3;
				MTL_ENABLE_DEBUG_INFO = NO;
				SDKROOT = iphoneos;
				SWIFT_OPTIMIZATION_LEVEL = "-Owholemodule";
				VALIDATE_PRODUCT = YES;
			};
			name = Release;
		};
		8793CC8E1F3C3B83006071ED /* Debug */ = {
			isa = XCBuildConfiguration;
			buildSettings = {
				ASSETCATALOG_COMPILER_APPICON_NAME = AppIcon;
				INFOPLIST_FILE = ShoppingCart/Info.plist;
				LD_RUNPATH_SEARCH_PATHS = "$(inherited) @executable_path/Frameworks";
				PRODUCT_BUNDLE_IDENTIFIER = com.balogh.ShoppingCart;
				PRODUCT_NAME = "$(TARGET_NAME)";
				SWIFT_VERSION = 3.0;
			};
			name = Debug;
		};
		8793CC8F1F3C3B83006071ED /* Release */ = {
			isa = XCBuildConfiguration;
			buildSettings = {
				ASSETCATALOG_COMPILER_APPICON_NAME = AppIcon;
				INFOPLIST_FILE = ShoppingCart/Info.plist;
				LD_RUNPATH_SEARCH_PATHS = "$(inherited) @executable_path/Frameworks";
				PRODUCT_BUNDLE_IDENTIFIER = com.balogh.ShoppingCart;
				PRODUCT_NAME = "$(TARGET_NAME)";
				SWIFT_VERSION = 3.0;
			};
			name = Release;
		};
		8793CC911F3C3B83006071ED /* Debug */ = {
			isa = XCBuildConfiguration;
			buildSettings = {
				ALWAYS_EMBED_SWIFT_STANDARD_LIBRARIES = YES;
				BUNDLE_LOADER = "$(TEST_HOST)";
				INFOPLIST_FILE = ShoppingCartTests/Info.plist;
				LD_RUNPATH_SEARCH_PATHS = "$(inherited) @executable_path/Frameworks @loader_path/Frameworks";
				PRODUCT_BUNDLE_IDENTIFIER = com.balogh.ShoppingCartTests;
				PRODUCT_NAME = "$(TARGET_NAME)";
				SWIFT_VERSION = 3.0;
				TEST_HOST = "$(BUILT_PRODUCTS_DIR)/ShoppingCart.app/ShoppingCart";
			};
			name = Debug;
		};
		8793CC921F3C3B83006071ED /* Release */ = {
			isa = XCBuildConfiguration;
			buildSettings = {
				ALWAYS_EMBED_SWIFT_STANDARD_LIBRARIES = YES;
				BUNDLE_LOADER = "$(TEST_HOST)";
				INFOPLIST_FILE = ShoppingCartTests/Info.plist;
				LD_RUNPATH_SEARCH_PATHS = "$(inherited) @executable_path/Frameworks @loader_path/Frameworks";
				PRODUCT_BUNDLE_IDENTIFIER = com.balogh.ShoppingCartTests;
				PRODUCT_NAME = "$(TARGET_NAME)";
				SWIFT_VERSION = 3.0;
				TEST_HOST = "$(BUILT_PRODUCTS_DIR)/ShoppingCart.app/ShoppingCart";
			};
			name = Release;
		};
/* End XCBuildConfiguration section */

/* Begin XCConfigurationList section */
		8793CC691F3C3B83006071ED /* Build configuration list for PBXProject "ShoppingCart" */ = {
			isa = XCConfigurationList;
			buildConfigurations = (
				8793CC8B1F3C3B83006071ED /* Debug */,
				8793CC8C1F3C3B83006071ED /* Release */,
			);
			defaultConfigurationIsVisible = 0;
			defaultConfigurationName = Release;
		};
		8793CC8D1F3C3B83006071ED /* Build configuration list for PBXNativeTarget "ShoppingCart" */ = {
			isa = XCConfigurationList;
			buildConfigurations = (
				8793CC8E1F3C3B83006071ED /* Debug */,
				8793CC8F1F3C3B83006071ED /* Release */,
			);
			defaultConfigurationIsVisible = 0;
			defaultConfigurationName = Release;
		};
		8793CC901F3C3B83006071ED /* Build configuration list for PBXNativeTarget "ShoppingCartTests" */ = {
			isa = XCConfigurationList;
			buildConfigurations = (
				8793CC911F3C3B83006071ED /* Debug */,
				8793CC921F3C3B83006071ED /* Release */,
			);
			defaultConfigurationIsVisible = 0;
			defaultConfigurationName = Release;
		};
/* End XCConfigurationList section */
	};
	rootObject = 8793CC661F3C3B83006071ED /* Project object */;
}
